
Microsoft Visual Studio Solution File, Format Version 12.00
# Visual Studio 15
VisualStudioVersion = 15.0.26730.16
MinimumVisualStudioVersion = 10.0.40219.1
Project("{FAE04EC0-301F-11D3-BF4B-00C04F79EFBC}") = "ExcelProcessor", "WindowsFormsApp1\ExcelProcessor.csproj", "{F553E607-9E96-4F2A-B2A2-3F9BF29696EC}"
EndProject
Global
	GlobalSection(SolutionConfigurationPlatforms) = preSolution
		Debug|Any CPU = Debug|Any CPU
		Release|Any CPU = Release|Any CPU
	EndGlobalSection
	GlobalSection(ProjectConfigurationPlatforms) = postSolution
		{F553E607-9E96-4F2A-B2A2-3F9BF29696EC}.Debug|Any CPU.ActiveCfg = Debug|Any CPU
		{F553E607-9E96-4F2A-B2A2-3F9BF29696EC}.Debug|Any CPU.Build.0 = Debug|Any CPU
		{F553E607-9E96-4F2A-B2A2-3F9BF29696EC}.Release|Any CPU.ActiveCfg = Release|Any CPU
		{F553E607-9E96-4F2A-B2A2-3F9BF29696EC}.Release|Any CPU.Build.0 = Release|Any CPU
	EndGlobalSection
	GlobalSection(SolutionProperties) = preSolution
		HideSolutionNode = FALSE
	EndGlobalSection
	GlobalSection(ExtensibilityGlobals) = postSolution
		SolutionGuid = {BAA53243-E730-4F5C-8891-150220663F63}
	EndGlobalSection
EndGlobal
